{
  "name": "workshop-data",
  "version": "1.0.0",
  "lockfileVersion": 1,
  "requires": true,
  "dependencies": {
    "mongoloose": {
      "version": "1.0.1",
      "resolved": "https://registry.npmjs.org/mongoloose/-/mongoloose-1.0.1.tgz",
      "integrity": "sha512-2BKWq0IEje6kPR2K3Lix3JKFomhMeu7gxZYrMX/m8Mggsw0+LSjgRnw+g/d9RBFIEFjcF+4gxtCXVF9mJmd66A=="
    }
  }
}
